
Microsoft Visual Studio Solution File, Format Version 12.00
# Visual Studio Version 17
VisualStudioVersion = 17.4.33205.214
MinimumVisualStudioVersion = 10.0.40219.1
Project("{FAE04EC0-301F-11D3-BF4B-00C04F79EFBC}") = "ProjektasTest", "ProjektasTest\ProjektasTest.csproj", "{736DBD6E-CB51-4523-B2B3-43DDE5160CA0}"
EndProject
Global
	GlobalSection(SolutionConfigurationPlatforms) = preSolution
		Debug|Any CPU = Debug|Any CPU
		Release|Any CPU = Release|Any CPU
	EndGlobalSection
	GlobalSection(ProjectConfigurationPlatforms) = postSolution
		{736DBD6E-CB51-4523-B2B3-43DDE5160CA0}.Debug|Any CPU.ActiveCfg = Debug|Any CPU
		{736DBD6E-CB51-4523-B2B3-43DDE5160CA0}.Debug|Any CPU.Build.0 = Debug|Any CPU
		{736DBD6E-CB51-4523-B2B3-43DDE5160CA0}.Release|Any CPU.ActiveCfg = Release|Any CPU
		{736DBD6E-CB51-4523-B2B3-43DDE5160CA0}.Release|Any CPU.Build.0 = Release|Any CPU
	EndGlobalSection
	GlobalSection(SolutionProperties) = preSolution
		HideSolutionNode = FALSE
	EndGlobalSection
	GlobalSection(ExtensibilityGlobals) = postSolution
		SolutionGuid = {34DC95DA-EBA3-4E59-AB82-6CE31E530E11}
	EndGlobalSection
EndGlobal
